
Microsoft Visual Studio Solution File, Format Version 12.00
# Visual Studio 15
VisualStudioVersion = 15.0.27130.2024
MinimumVisualStudioVersion = 10.0.40219.1
Project("{8BC9CEB8-8B4A-11D0-8D11-00A0C91BC942}") = "Trabajo_de_Clase", "Trabajo_de_Clase\Trabajo_de_Clase.vcxproj", "{0590C16E-9E0E-4E01-924A-EC885C1E5533}"
EndProject
Global
	GlobalSection(SolutionConfigurationPlatforms) = preSolution
		Debug|x64 = Debug|x64
		Debug|x86 = Debug|x86
		Release|x64 = Release|x64
		Release|x86 = Release|x86
	EndGlobalSection
	GlobalSection(ProjectConfigurationPlatforms) = postSolution
		{0590C16E-9E0E-4E01-924A-EC885C1E5533}.Debug|x64.ActiveCfg = Debug|x64
		{0590C16E-9E0E-4E01-924A-EC885C1E5533}.Debug|x64.Build.0 = Debug|x64
		{0590C16E-9E0E-4E01-924A-EC885C1E5533}.Debug|x86.ActiveCfg = Debug|Win32
		{0590C16E-9E0E-4E01-924A-EC885C1E5533}.Debug|x86.Build.0 = Debug|Win32
		{0590C16E-9E0E-4E01-924A-EC885C1E5533}.Release|x64.ActiveCfg = Release|x64
		{0590C16E-9E0E-4E01-924A-EC885C1E5533}.Release|x64.Build.0 = Release|x64
		{0590C16E-9E0E-4E01-924A-EC885C1E5533}.Release|x86.ActiveCfg = Release|Win32
		{0590C16E-9E0E-4E01-924A-EC885C1E5533}.Release|x86.Build.0 = Release|Win32
	EndGlobalSection
	GlobalSection(SolutionProperties) = preSolution
		HideSolutionNode = FALSE
	EndGlobalSection
	GlobalSection(ExtensibilityGlobals) = postSolution
		SolutionGuid = {B14A876F-84F0-4112-97A8-D7F184DEA478}
	EndGlobalSection
EndGlobal
